
Microsoft Visual Studio Solution File, Format Version 12.00
# Visual Studio Version 16
VisualStudioVersion = 16.0.30804.86
MinimumVisualStudioVersion = 10.0.40219.1
Project("{FAE04EC0-301F-11D3-BF4B-00C04F79EFBC}") = "DNSBLChecker", "DNSBLChecker.csproj", "{6C02BAAF-BC14-45FC-8EE5-5779C37929F2}"
EndProject
Global
	GlobalSection(SolutionConfigurationPlatforms) = preSolution
		Debug|Any CPU = Debug|Any CPU
		Release|Any CPU = Release|Any CPU
	EndGlobalSection
	GlobalSection(ProjectConfigurationPlatforms) = postSolution
		{6C02BAAF-BC14-45FC-8EE5-5779C37929F2}.Debug|Any CPU.ActiveCfg = Debug|Any CPU
		{6C02BAAF-BC14-45FC-8EE5-5779C37929F2}.Debug|Any CPU.Build.0 = Debug|Any CPU
		{6C02BAAF-BC14-45FC-8EE5-5779C37929F2}.Release|Any CPU.ActiveCfg = Release|Any CPU
		{6C02BAAF-BC14-45FC-8EE5-5779C37929F2}.Release|Any CPU.Build.0 = Release|Any CPU
	EndGlobalSection
	GlobalSection(SolutionProperties) = preSolution
		HideSolutionNode = FALSE
	EndGlobalSection
	GlobalSection(ExtensibilityGlobals) = postSolution
		SolutionGuid = {FC61DD42-64D6-4AD6-9D97-7B60CDAAD470}
	EndGlobalSection
EndGlobal
